
Microsoft Visual Studio Solution File, Format Version 12.00
# Visual Studio Version 16
VisualStudioVersion = 16.0.30626.31
MinimumVisualStudioVersion = 10.0.40219.1
Project("{FAE04EC0-301F-11D3-BF4B-00C04F79EFBC}") = "TSGame", "TSGame\TSGame.csproj", "{09BFF3DC-D94A-4762-8819-384B3B434CCA}"
EndProject
Global
	GlobalSection(SolutionConfigurationPlatforms) = preSolution
		Debug|Any CPU = Debug|Any CPU
		Release|Any CPU = Release|Any CPU
	EndGlobalSection
	GlobalSection(ProjectConfigurationPlatforms) = postSolution
		{09BFF3DC-D94A-4762-8819-384B3B434CCA}.Debug|Any CPU.ActiveCfg = Debug|Any CPU
		{09BFF3DC-D94A-4762-8819-384B3B434CCA}.Debug|Any CPU.Build.0 = Debug|Any CPU
		{09BFF3DC-D94A-4762-8819-384B3B434CCA}.Release|Any CPU.ActiveCfg = Release|Any CPU
		{09BFF3DC-D94A-4762-8819-384B3B434CCA}.Release|Any CPU.Build.0 = Release|Any CPU
	EndGlobalSection
	GlobalSection(SolutionProperties) = preSolution
		HideSolutionNode = FALSE
	EndGlobalSection
	GlobalSection(ExtensibilityGlobals) = postSolution
		SolutionGuid = {80AF79F8-4B46-4B5C-91D7-C1F6615507F6}
	EndGlobalSection
EndGlobal
